
Microsoft Visual Studio Solution File, Format Version 12.00
# Visual Studio 15
VisualStudioVersion = 15.0.28307.572
MinimumVisualStudioVersion = 10.0.40219.1
Project("{FAE04EC0-301F-11D3-BF4B-00C04F79EFBC}") = "UpcomingMoviesList.Android", "UpcomingMoviesList\UpcomingMoviesList.Android\UpcomingMoviesList.Android.csproj", "{E03F48CC-1BA0-414F-84CB-10707A8445E8}"
EndProject
Project("{FAE04EC0-301F-11D3-BF4B-00C04F79EFBC}") = "UpcomingMoviesList.iOS", "UpcomingMoviesList\UpcomingMoviesList.iOS\UpcomingMoviesList.iOS.csproj", "{6D3A7E11-048A-41A5-A7B1-3FF6E7D32097}"
EndProject
Project("{FAE04EC0-301F-11D3-BF4B-00C04F79EFBC}") = "UpcomingMoviesList", "UpcomingMoviesList\UpcomingMoviesList\UpcomingMoviesList.csproj", "{D63AA9D4-5B41-4C53-9DE2-947E240CF35E}"
EndProject
Global
	GlobalSection(SolutionConfigurationPlatforms) = preSolution
		Ad-Hoc|Any CPU = Ad-Hoc|Any CPU
		Ad-Hoc|iPhone = Ad-Hoc|iPhone
		Ad-Hoc|iPhoneSimulator = Ad-Hoc|iPhoneSimulator
		AppStore|Any CPU = AppStore|Any CPU
		AppStore|iPhone = AppStore|iPhone
		AppStore|iPhoneSimulator = AppStore|iPhoneSimulator
		Debug|Any CPU = Debug|Any CPU
		Debug|iPhone = Debug|iPhone
		Debug|iPhoneSimulator = Debug|iPhoneSimulator
		Release|Any CPU = Release|Any CPU
		Release|iPhone = Release|iPhone
		Release|iPhoneSimulator = Release|iPhoneSimulator
	EndGlobalSection
	GlobalSection(ProjectConfigurationPlatforms) = postSolution
		{E03F48CC-1BA0-414F-84CB-10707A8445E8}.Ad-Hoc|Any CPU.ActiveCfg = Release|Any CPU
		{E03F48CC-1BA0-414F-84CB-10707A8445E8}.Ad-Hoc|Any CPU.Build.0 = Release|Any CPU
		{E03F48CC-1BA0-414F-84CB-10707A8445E8}.Ad-Hoc|Any CPU.Deploy.0 = Release|Any CPU
		{E03F48CC-1BA0-414F-84CB-10707A8445E8}.Ad-Hoc|iPhone.ActiveCfg = Release|Any CPU
		{E03F48CC-1BA0-414F-84CB-10707A8445E8}.Ad-Hoc|iPhone.Build.0 = Release|Any CPU
		{E03F48CC-1BA0-414F-84CB-10707A8445E8}.Ad-Hoc|iPhone.Deploy.0 = Release|Any CPU
		{E03F48CC-1BA0-414F-84CB-10707A8445E8}.Ad-Hoc|iPhoneSimulator.ActiveCfg = Release|Any CPU
		{E03F48CC-1BA0-414F-84CB-10707A8445E8}.Ad-Hoc|iPhoneSimulator.Build.0 = Release|Any CPU
		{E03F48CC-1BA0-414F-84CB-10707A8445E8}.Ad-Hoc|iPhoneSimulator.Deploy.0 = Release|Any CPU
		{E03F48CC-1BA0-414F-84CB-10707A8445E8}.AppStore|Any CPU.ActiveCfg = Release|Any CPU
		{E03F48CC-1BA0-414F-84CB-10707A8445E8}.AppStore|Any CPU.Build.0 = Release|Any CPU
		{E03F48CC-1BA0-414F-84CB-10707A8445E8}.AppStore|Any CPU.Deploy.0 = Release|Any CPU
		{E03F48CC-1BA0-414F-84CB-10707A8445E8}.AppStore|iPhone.ActiveCfg = Release|Any CPU
		{E03F48CC-1BA0-414F-84CB-10707A8445E8}.AppStore|iPhone.Build.0 = Release|Any CPU
		{E03F48CC-1BA0-414F-84CB-10707A8445E8}.AppStore|iPhone.Deploy.0 = Release|Any CPU
		{E03F48CC-1BA0-414F-84CB-10707A8445E8}.AppStore|iPhoneSimulator.ActiveCfg = Release|Any CPU
		{E03F48CC-1BA0-414F-84CB-10707A8445E8}.AppStore|iPhoneSimulator.Build.0 = Release|Any CPU
		{E03F48CC-1BA0-414F-84CB-10707A8445E8}.AppStore|iPhoneSimulator.Deploy.0 = Release|Any CPU
		{E03F48CC-1BA0-414F-84CB-10707A8445E8}.Debug|Any CPU.ActiveCfg = Debug|Any CPU
		{E03F48CC-1BA0-414F-84CB-10707A8445E8}.Debug|Any CPU.Build.0 = Debug|Any CPU
		{E03F48CC-1BA0-414F-84CB-10707A8445E8}.Debug|Any CPU.Deploy.0 = Debug|Any CPU
		{E03F48CC-1BA0-414F-84CB-10707A8445E8}.Debug|iPhone.ActiveCfg = Debug|Any CPU
		{E03F48CC-1BA0-414F-84CB-10707A8445E8}.Debug|iPhone.Build.0 = Debug|Any CPU
		{E03F48CC-1BA0-414F-84CB-10707A8445E8}.Debug|iPhone.Deploy.0 = Debug|Any CPU
		{E03F48CC-1BA0-414F-84CB-10707A8445E8}.Debug|iPhoneSimulator.ActiveCfg = Debug|Any CPU
		{E03F48CC-1BA0-414F-84CB-10707A8445E8}.Debug|iPhoneSimulator.Build.0 = Debug|Any CPU
		{E03F48CC-1BA0-414F-84CB-10707A8445E8}.Debug|iPhoneSimulator.Deploy.0 = Debug|Any CPU
		{E03F48CC-1BA0-414F-84CB-10707A8445E8}.Release|Any CPU.ActiveCfg = Release|Any CPU
		{E03F48CC-1BA0-414F-84CB-10707A8445E8}.Release|Any CPU.Build.0 = Release|Any CPU
		{E03F48CC-1BA0-414F-84CB-10707A8445E8}.Release|Any CPU.Deploy.0 = Release|Any CPU
		{E03F48CC-1BA0-414F-84CB-10707A8445E8}.Release|iPhone.ActiveCfg = Release|Any CPU
		{E03F48CC-1BA0-414F-84CB-10707A8445E8}.Release|iPhone.Build.0 = Release|Any CPU
		{E03F48CC-1BA0-414F-84CB-10707A8445E8}.Release|iPhone.Deploy.0 = Release|Any CPU
		{E03F48CC-1BA0-414F-84CB-10707A8445E8}.Release|iPhoneSimulator.ActiveCfg = Release|Any CPU
		{E03F48CC-1BA0-414F-84CB-10707A8445E8}.Release|iPhoneSimulator.Build.0 = Release|Any CPU
		{E03F48CC-1BA0-414F-84CB-10707A8445E8}.Release|iPhoneSimulator.Deploy.0 = Release|Any CPU
		{6D3A7E11-048A-41A5-A7B1-3FF6E7D32097}.Ad-Hoc|Any CPU.ActiveCfg = Ad-Hoc|iPhone
		{6D3A7E11-048A-41A5-A7B1-3FF6E7D32097}.Ad-Hoc|Any CPU.Build.0 = Ad-Hoc|iPhone
		{6D3A7E11-048A-41A5-A7B1-3FF6E7D32097}.Ad-Hoc|Any CPU.Deploy.0 = Ad-Hoc|iPhone
		{6D3A7E11-048A-41A5-A7B1-3FF6E7D32097}.Ad-Hoc|iPhone.ActiveCfg = Ad-Hoc|iPhone
		{6D3A7E11-048A-41A5-A7B1-3FF6E7D32097}.Ad-Hoc|iPhone.Build.0 = Ad-Hoc|iPhone
		{6D3A7E11-048A-41A5-A7B1-3FF6E7D32097}.Ad-Hoc|iPhone.Deploy.0 = Ad-Hoc|iPhone
		{6D3A7E11-048A-41A5-A7B1-3FF6E7D32097}.Ad-Hoc|iPhoneSimulator.ActiveCfg = Ad-Hoc|iPhoneSimulator
		{6D3A7E11-048A-41A5-A7B1-3FF6E7D32097}.Ad-Hoc|iPhoneSimulator.Build.0 = Ad-Hoc|iPhoneSimulator
		{6D3A7E11-048A-41A5-A7B1-3FF6E7D32097}.Ad-Hoc|iPhoneSimulator.Deploy.0 = Ad-Hoc|iPhoneSimulator
		{6D3A7E11-048A-41A5-A7B1-3FF6E7D32097}.AppStore|Any CPU.ActiveCfg = AppStore|iPhone
		{6D3A7E11-048A-41A5-A7B1-3FF6E7D32097}.AppStore|Any CPU.Build.0 = AppStore|iPhone
		{6D3A7E11-048A-41A5-A7B1-3FF6E7D32097}.AppStore|Any CPU.Deploy.0 = AppStore|iPhone
		{6D3A7E11-048A-41A5-A7B1-3FF6E7D32097}.AppStore|iPhone.ActiveCfg = AppStore|iPhone
		{6D3A7E11-048A-41A5-A7B1-3FF6E7D32097}.AppStore|iPhone.Build.0 = AppStore|iPhone
		{6D3A7E11-048A-41A5-A7B1-3FF6E7D32097}.AppStore|iPhone.Deploy.0 = AppStore|iPhone
		{6D3A7E11-048A-41A5-A7B1-3FF6E7D32097}.AppStore|iPhoneSimulator.ActiveCfg = AppStore|iPhoneSimulator
		{6D3A7E11-048A-41A5-A7B1-3FF6E7D32097}.AppStore|iPhoneSimulator.Build.0 = AppStore|iPhoneSimulator
		{6D3A7E11-048A-41A5-A7B1-3FF6E7D32097}.AppStore|iPhoneSimulator.Deploy.0 = AppStore|iPhoneSimulator
		{6D3A7E11-048A-41A5-A7B1-3FF6E7D32097}.Debug|Any CPU.ActiveCfg = Debug|iPhoneSimulator
		{6D3A7E11-048A-41A5-A7B1-3FF6E7D32097}.Debug|Any CPU.Build.0 = Debug|iPhoneSimulator
		{6D3A7E11-048A-41A5-A7B1-3FF6E7D32097}.Debug|Any CPU.Deploy.0 = Debug|iPhoneSimulator
		{6D3A7E11-048A-41A5-A7B1-3FF6E7D32097}.Debug|iPhone.ActiveCfg = Debug|iPhone
		{6D3A7E11-048A-41A5-A7B1-3FF6E7D32097}.Debug|iPhone.Build.0 = Debug|iPhone
		{6D3A7E11-048A-41A5-A7B1-3FF6E7D32097}.Debug|iPhone.Deploy.0 = Debug|iPhone
		{6D3A7E11-048A-41A5-A7B1-3FF6E7D32097}.Debug|iPhoneSimulator.ActiveCfg = Debug|iPhoneSimulator
		{6D3A7E11-048A-41A5-A7B1-3FF6E7D32097}.Debug|iPhoneSimulator.Build.0 = Debug|iPhoneSimulator
		{6D3A7E11-048A-41A5-A7B1-3FF6E7D32097}.Debug|iPhoneSimulator.Deploy.0 = Debug|iPhoneSimulator
		{6D3A7E11-048A-41A5-A7B1-3FF6E7D32097}.Release|Any CPU.ActiveCfg = Release|iPhone
		{6D3A7E11-048A-41A5-A7B1-3FF6E7D32097}.Release|Any CPU.Build.0 = Release|iPhone
		{6D3A7E11-048A-41A5-A7B1-3FF6E7D32097}.Release|Any CPU.Deploy.0 = Release|iPhone
		{6D3A7E11-048A-41A5-A7B1-3FF6E7D32097}.Release|iPhone.ActiveCfg = Release|iPhone
		{6D3A7E11-048A-41A5-A7B1-3FF6E7D32097}.Release|iPhone.Build.0 = Release|iPhone
		{6D3A7E11-048A-41A5-A7B1-3FF6E7D32097}.Release|iPhone.Deploy.0 = Release|iPhone
		{6D3A7E11-048A-41A5-A7B1-3FF6E7D32097}.Release|iPhoneSimulator.ActiveCfg = Release|iPhoneSimulator
		{6D3A7E11-048A-41A5-A7B1-3FF6E7D32097}.Release|iPhoneSimulator.Build.0 = Release|iPhoneSimulator
		{6D3A7E11-048A-41A5-A7B1-3FF6E7D32097}.Release|iPhoneSimulator.Deploy.0 = Release|iPhoneSimulator
		{D63AA9D4-5B41-4C53-9DE2-947E240CF35E}.Ad-Hoc|Any CPU.ActiveCfg = Debug|Any CPU
		{D63AA9D4-5B41-4C53-9DE2-947E240CF35E}.Ad-Hoc|Any CPU.Build.0 = Debug|Any CPU
		{D63AA9D4-5B41-4C53-9DE2-947E240CF35E}.Ad-Hoc|Any CPU.Deploy.0 = Debug|Any CPU
		{D63AA9D4-5B41-4C53-9DE2-947E240CF35E}.Ad-Hoc|iPhone.ActiveCfg = Debug|Any CPU
		{D63AA9D4-5B41-4C53-9DE2-947E240CF35E}.Ad-Hoc|iPhone.Build.0 = Debug|Any CPU
		{D63AA9D4-5B41-4C53-9DE2-947E240CF35E}.Ad-Hoc|iPhone.Deploy.0 = Debug|Any CPU
		{D63AA9D4-5B41-4C53-9DE2-947E240CF35E}.Ad-Hoc|iPhoneSimulator.ActiveCfg = Debug|Any CPU
		{D63AA9D4-5B41-4C53-9DE2-947E240CF35E}.Ad-Hoc|iPhoneSimulator.Build.0 = Debug|Any CPU
		{D63AA9D4-5B41-4C53-9DE2-947E240CF35E}.Ad-Hoc|iPhoneSimulator.Deploy.0 = Debug|Any CPU
		{D63AA9D4-5B41-4C53-9DE2-947E240CF35E}.AppStore|Any CPU.ActiveCfg = Debug|Any CPU
		{D63AA9D4-5B41-4C53-9DE2-947E240CF35E}.AppStore|Any CPU.Build.0 = Debug|Any CPU
		{D63AA9D4-5B41-4C53-9DE2-947E240CF35E}.AppStore|Any CPU.Deploy.0 = Debug|Any CPU
		{D63AA9D4-5B41-4C53-9DE2-947E240CF35E}.AppStore|iPhone.ActiveCfg = Debug|Any CPU
		{D63AA9D4-5B41-4C53-9DE2-947E240CF35E}.AppStore|iPhone.Build.0 = Debug|Any CPU
		{D63AA9D4-5B41-4C53-9DE2-947E240CF35E}.AppStore|iPhone.Deploy.0 = Debug|Any CPU
		{D63AA9D4-5B41-4C53-9DE2-947E240CF35E}.AppStore|iPhoneSimulator.ActiveCfg = Debug|Any CPU
		{D63AA9D4-5B41-4C53-9DE2-947E240CF35E}.AppStore|iPhoneSimulator.Build.0 = Debug|Any CPU
		{D63AA9D4-5B41-4C53-9DE2-947E240CF35E}.AppStore|iPhoneSimulator.Deploy.0 = Debug|Any CPU
		{D63AA9D4-5B41-4C53-9DE2-947E240CF35E}.Debug|Any CPU.ActiveCfg = Debug|Any CPU
		{D63AA9D4-5B41-4C53-9DE2-947E240CF35E}.Debug|Any CPU.Build.0 = Debug|Any CPU
		{D63AA9D4-5B41-4C53-9DE2-947E240CF35E}.Debug|Any CPU.Deploy.0 = Debug|Any CPU
		{D63AA9D4-5B41-4C53-9DE2-947E240CF35E}.Debug|iPhone.ActiveCfg = Debug|Any CPU
		{D63AA9D4-5B41-4C53-9DE2-947E240CF35E}.Debug|iPhone.Build.0 = Debug|Any CPU
		{D63AA9D4-5B41-4C53-9DE2-947E240CF35E}.Debug|iPhone.Deploy.0 = Debug|Any CPU
		{D63AA9D4-5B41-4C53-9DE2-947E240CF35E}.Debug|iPhoneSimulator.ActiveCfg = Debug|Any CPU
		{D63AA9D4-5B41-4C53-9DE2-947E240CF35E}.Debug|iPhoneSimulator.Build.0 = Debug|Any CPU
		{D63AA9D4-5B41-4C53-9DE2-947E240CF35E}.Debug|iPhoneSimulator.Deploy.0 = Debug|Any CPU
		{D63AA9D4-5B41-4C53-9DE2-947E240CF35E}.Release|Any CPU.ActiveCfg = Release|Any CPU
		{D63AA9D4-5B41-4C53-9DE2-947E240CF35E}.Release|Any CPU.Build.0 = Release|Any CPU
		{D63AA9D4-5B41-4C53-9DE2-947E240CF35E}.Release|Any CPU.Deploy.0 = Release|Any CPU
		{D63AA9D4-5B41-4C53-9DE2-947E240CF35E}.Release|iPhone.ActiveCfg = Release|Any CPU
		{D63AA9D4-5B41-4C53-9DE2-947E240CF35E}.Release|iPhone.Build.0 = Release|Any CPU
		{D63AA9D4-5B41-4C53-9DE2-947E240CF35E}.Release|iPhone.Deploy.0 = Release|Any CPU
		{D63AA9D4-5B41-4C53-9DE2-947E240CF35E}.Release|iPhoneSimulator.ActiveCfg = Release|Any CPU
		{D63AA9D4-5B41-4C53-9DE2-947E240CF35E}.Release|iPhoneSimulator.Build.0 = Release|Any CPU
		{D63AA9D4-5B41-4C53-9DE2-947E240CF35E}.Release|iPhoneSimulator.Deploy.0 = Release|Any CPU
	EndGlobalSection
	GlobalSection(SolutionProperties) = preSolution
		HideSolutionNode = FALSE
	EndGlobalSection
	GlobalSection(ExtensibilityGlobals) = postSolution
		SolutionGuid = {DD6B2855-2449-43B8-8A1D-39A4A2BD4076}
	EndGlobalSection
EndGlobal
